
Microsoft Visual Studio Solution File, Format Version 12.00
Project("{FAE04EC0-301F-11D3-BF4B-00C04F79EFBC}") = "Manager.Host", "Manager.Host\Manager.Host.csproj", "{2D3BB01C-1685-4F57-80DC-EC8E79750472}"
EndProject
Project("{2150E333-8FDC-42A3-9474-1A3956D46DE8}") = "0.Utilities", "0.Utilities", "{A8C6B0BF-F871-4632-9141-C03738CEBCF2}"
EndProject
Project("{2150E333-8FDC-42A3-9474-1A3956D46DE8}") = "1.Accessors", "1.Accessors", "{C841A88A-7C38-4CF0-A3D5-69FE406BAED4}"
EndProject
Project("{2150E333-8FDC-42A3-9474-1A3956D46DE8}") = "3.Managers", "3.Managers", "{4755A225-9F84-44FD-A5C4-5018245EE7F2}"
EndProject
Project("{FAE04EC0-301F-11D3-BF4B-00C04F79EFBC}") = "History.Accessor.Contracts", "History.Accessor.Contracts\History.Accessor.Contracts.csproj", "{48FE7D0D-B58A-4AA5-B6FE-1B0D039FE05E}"
EndProject
Project("{FAE04EC0-301F-11D3-BF4B-00C04F79EFBC}") = "ExecutionPipeline", "ExecutionPipeline\ExecutionPipeline.csproj", "{435913CF-55ED-4F33-BFD0-FE89190A5304}"
EndProject
Project("{FAE04EC0-301F-11D3-BF4B-00C04F79EFBC}") = "Manager.Service", "Manager.Service\Manager.Service.csproj", "{11C59958-DBF6-4FEB-800B-EB2E29C8AA00}"
EndProject
Project("{FAE04EC0-301F-11D3-BF4B-00C04F79EFBC}") = "SessionInfoExtractor", "SessionInfoExtractor\SessionInfoExtractor.csproj", "{44F3A46A-11C3-4B8F-953B-8F3228841DAE}"
EndProject
Project("{2150E333-8FDC-42A3-9474-1A3956D46DE8}") = "History", "History", "{A6FE7783-143A-45FC-B921-1E1F4D65C435}"
EndProject
Project("{FAE04EC0-301F-11D3-BF4B-00C04F79EFBC}") = "History.Accessor.Host", "History.Accessor.Host\History.Accessor.Host.csproj", "{5829CFA4-610B-4243-A589-C652C98B6E19}"
EndProject
Project("{FAE04EC0-301F-11D3-BF4B-00C04F79EFBC}") = "History.Accessor.Service", "History.Accessor.Service\History.Accessor.Service.csproj", "{C1AFCBBC-B625-4E1C-90FA-46D768FD45EA}"
EndProject
Project("{FAE04EC0-301F-11D3-BF4B-00C04F79EFBC}") = "AzureKeyVault", "AzureKeyVault\AzureKeyVault.csproj", "{6C26E078-6FC1-4714-91F3-F712A19F866A}"
EndProject
Project("{FAE04EC0-301F-11D3-BF4B-00C04F79EFBC}") = "MessageDispatcher", "MessageDispatcher\MessageDispatcher.csproj", "{9DCED75E-A769-4896-B288-D478A0458181}"
EndProject
Project("{FAE04EC0-301F-11D3-BF4B-00C04F79EFBC}") = "MessageDispatcher.Worker", "MessageDispatcher.Worker\MessageDispatcher.Worker.csproj", "{203A3063-E1C1-431D-A14F-03917E80B2D8}"
EndProject
Project("{FAE04EC0-301F-11D3-BF4B-00C04F79EFBC}") = "MessageDispater.Contracts", "MessageDispater.Contracts\MessageDispater.Contracts.csproj", "{F489FCD3-EC5F-4C86-8641-0A03B30C455E}"
EndProject
Project("{2150E333-8FDC-42A3-9474-1A3956D46DE8}") = "MessageDispatcher", "MessageDispatcher", "{A2007714-43BE-48EB-8DF3-20F1F53DA3E7}"
EndProject
Project("{FAE04EC0-301F-11D3-BF4B-00C04F79EFBC}") = "BlobStorage.Accessor.Contracts", "BlobStorage.Accessor.Contracts\BlobStorage.Accessor.Contracts.csproj", "{12792F0C-FA1A-476E-A491-1102F57193E2}"
EndProject
Project("{2150E333-8FDC-42A3-9474-1A3956D46DE8}") = "Blobs", "Blobs", "{A24C1962-839D-4DE8-AC6C-261BF665A5F6}"
EndProject
Project("{FAE04EC0-301F-11D3-BF4B-00C04F79EFBC}") = "BlobStorage.Accessor.Host", "BlobStorage.Accessor.Host\BlobStorage.Accessor.Host.csproj", "{54C8FF57-23EB-4239-830F-A6C03979A107}"
EndProject
Project("{FAE04EC0-301F-11D3-BF4B-00C04F79EFBC}") = "BlobStorage.Accessor.Service", "BlobStorage.Accessor.Service\BlobStorage.Accessor.Service.csproj", "{3E40DD2E-A996-4E88-9976-768EDCEA61F6}"
EndProject
Project("{FAE04EC0-301F-11D3-BF4B-00C04F79EFBC}") = "History.Accessor.Tests", "History.Accessor.Tests\History.Accessor.Tests.csproj", "{A1007CAA-E5A4-4B22-BC16-A8021B361DD7}"
EndProject
Project("{2150E333-8FDC-42A3-9474-1A3956D46DE8}") = "Localization", "Localization", "{99CDA674-D7A6-429D-A6CE-D50F99A76D41}"
EndProject
Project("{FAE04EC0-301F-11D3-BF4B-00C04F79EFBC}") = "Localization.Accessor.Contracts", "Localization.Accessor.Contracts\Localization.Accessor.Contracts.csproj", "{CA3760BD-033A-4AFB-9BDA-D85577C93287}"
EndProject
Project("{FAE04EC0-301F-11D3-BF4B-00C04F79EFBC}") = "Localization.Accessor.Host", "Localization.Accessor.Host\Localization.Accessor.Host.csproj", "{39AF6EA3-E2FA-41CB-80EC-3F400A09F71E}"
EndProject
Project("{FAE04EC0-301F-11D3-BF4B-00C04F79EFBC}") = "Localization.Accessor.Service", "Localization.Accessor.Service\Localization.Accessor.Service.csproj", "{3E6F9988-61F9-4549-8BD5-59A72226FAB0}"
EndProject
Global
	GlobalSection(SolutionConfigurationPlatforms) = preSolution
		Debug|Any CPU = Debug|Any CPU
		Release|Any CPU = Release|Any CPU
	EndGlobalSection
	GlobalSection(ProjectConfigurationPlatforms) = postSolution
		{2D3BB01C-1685-4F57-80DC-EC8E79750472}.Debug|Any CPU.ActiveCfg = Debug|Any CPU
		{2D3BB01C-1685-4F57-80DC-EC8E79750472}.Debug|Any CPU.Build.0 = Debug|Any CPU
		{2D3BB01C-1685-4F57-80DC-EC8E79750472}.Release|Any CPU.ActiveCfg = Release|Any CPU
		{2D3BB01C-1685-4F57-80DC-EC8E79750472}.Release|Any CPU.Build.0 = Release|Any CPU
		{48FE7D0D-B58A-4AA5-B6FE-1B0D039FE05E}.Debug|Any CPU.ActiveCfg = Debug|Any CPU
		{48FE7D0D-B58A-4AA5-B6FE-1B0D039FE05E}.Debug|Any CPU.Build.0 = Debug|Any CPU
		{48FE7D0D-B58A-4AA5-B6FE-1B0D039FE05E}.Release|Any CPU.ActiveCfg = Release|Any CPU
		{48FE7D0D-B58A-4AA5-B6FE-1B0D039FE05E}.Release|Any CPU.Build.0 = Release|Any CPU
		{435913CF-55ED-4F33-BFD0-FE89190A5304}.Debug|Any CPU.ActiveCfg = Debug|Any CPU
		{435913CF-55ED-4F33-BFD0-FE89190A5304}.Debug|Any CPU.Build.0 = Debug|Any CPU
		{435913CF-55ED-4F33-BFD0-FE89190A5304}.Release|Any CPU.ActiveCfg = Release|Any CPU
		{435913CF-55ED-4F33-BFD0-FE89190A5304}.Release|Any CPU.Build.0 = Release|Any CPU
		{11C59958-DBF6-4FEB-800B-EB2E29C8AA00}.Debug|Any CPU.ActiveCfg = Debug|Any CPU
		{11C59958-DBF6-4FEB-800B-EB2E29C8AA00}.Debug|Any CPU.Build.0 = Debug|Any CPU
		{11C59958-DBF6-4FEB-800B-EB2E29C8AA00}.Release|Any CPU.ActiveCfg = Release|Any CPU
		{11C59958-DBF6-4FEB-800B-EB2E29C8AA00}.Release|Any CPU.Build.0 = Release|Any CPU
		{44F3A46A-11C3-4B8F-953B-8F3228841DAE}.Debug|Any CPU.ActiveCfg = Debug|Any CPU
		{44F3A46A-11C3-4B8F-953B-8F3228841DAE}.Debug|Any CPU.Build.0 = Debug|Any CPU
		{44F3A46A-11C3-4B8F-953B-8F3228841DAE}.Release|Any CPU.ActiveCfg = Release|Any CPU
		{44F3A46A-11C3-4B8F-953B-8F3228841DAE}.Release|Any CPU.Build.0 = Release|Any CPU
		{5829CFA4-610B-4243-A589-C652C98B6E19}.Debug|Any CPU.ActiveCfg = Debug|Any CPU
		{5829CFA4-610B-4243-A589-C652C98B6E19}.Debug|Any CPU.Build.0 = Debug|Any CPU
		{5829CFA4-610B-4243-A589-C652C98B6E19}.Release|Any CPU.ActiveCfg = Release|Any CPU
		{5829CFA4-610B-4243-A589-C652C98B6E19}.Release|Any CPU.Build.0 = Release|Any CPU
		{C1AFCBBC-B625-4E1C-90FA-46D768FD45EA}.Debug|Any CPU.ActiveCfg = Debug|Any CPU
		{C1AFCBBC-B625-4E1C-90FA-46D768FD45EA}.Debug|Any CPU.Build.0 = Debug|Any CPU
		{C1AFCBBC-B625-4E1C-90FA-46D768FD45EA}.Release|Any CPU.ActiveCfg = Release|Any CPU
		{C1AFCBBC-B625-4E1C-90FA-46D768FD45EA}.Release|Any CPU.Build.0 = Release|Any CPU
		{6C26E078-6FC1-4714-91F3-F712A19F866A}.Debug|Any CPU.ActiveCfg = Debug|Any CPU
		{6C26E078-6FC1-4714-91F3-F712A19F866A}.Debug|Any CPU.Build.0 = Debug|Any CPU
		{6C26E078-6FC1-4714-91F3-F712A19F866A}.Release|Any CPU.ActiveCfg = Release|Any CPU
		{6C26E078-6FC1-4714-91F3-F712A19F866A}.Release|Any CPU.Build.0 = Release|Any CPU
		{9DCED75E-A769-4896-B288-D478A0458181}.Debug|Any CPU.ActiveCfg = Debug|Any CPU
		{9DCED75E-A769-4896-B288-D478A0458181}.Debug|Any CPU.Build.0 = Debug|Any CPU
		{9DCED75E-A769-4896-B288-D478A0458181}.Release|Any CPU.ActiveCfg = Release|Any CPU
		{9DCED75E-A769-4896-B288-D478A0458181}.Release|Any CPU.Build.0 = Release|Any CPU
		{203A3063-E1C1-431D-A14F-03917E80B2D8}.Debug|Any CPU.ActiveCfg = Debug|Any CPU
		{203A3063-E1C1-431D-A14F-03917E80B2D8}.Debug|Any CPU.Build.0 = Debug|Any CPU
		{203A3063-E1C1-431D-A14F-03917E80B2D8}.Release|Any CPU.ActiveCfg = Release|Any CPU
		{203A3063-E1C1-431D-A14F-03917E80B2D8}.Release|Any CPU.Build.0 = Release|Any CPU
		{F489FCD3-EC5F-4C86-8641-0A03B30C455E}.Debug|Any CPU.ActiveCfg = Debug|Any CPU
		{F489FCD3-EC5F-4C86-8641-0A03B30C455E}.Debug|Any CPU.Build.0 = Debug|Any CPU
		{F489FCD3-EC5F-4C86-8641-0A03B30C455E}.Release|Any CPU.ActiveCfg = Release|Any CPU
		{F489FCD3-EC5F-4C86-8641-0A03B30C455E}.Release|Any CPU.Build.0 = Release|Any CPU
		{12792F0C-FA1A-476E-A491-1102F57193E2}.Debug|Any CPU.ActiveCfg = Debug|Any CPU
		{12792F0C-FA1A-476E-A491-1102F57193E2}.Debug|Any CPU.Build.0 = Debug|Any CPU
		{12792F0C-FA1A-476E-A491-1102F57193E2}.Release|Any CPU.ActiveCfg = Release|Any CPU
		{12792F0C-FA1A-476E-A491-1102F57193E2}.Release|Any CPU.Build.0 = Release|Any CPU
		{54C8FF57-23EB-4239-830F-A6C03979A107}.Debug|Any CPU.ActiveCfg = Debug|Any CPU
		{54C8FF57-23EB-4239-830F-A6C03979A107}.Debug|Any CPU.Build.0 = Debug|Any CPU
		{54C8FF57-23EB-4239-830F-A6C03979A107}.Release|Any CPU.ActiveCfg = Release|Any CPU
		{54C8FF57-23EB-4239-830F-A6C03979A107}.Release|Any CPU.Build.0 = Release|Any CPU
		{3E40DD2E-A996-4E88-9976-768EDCEA61F6}.Debug|Any CPU.ActiveCfg = Debug|Any CPU
		{3E40DD2E-A996-4E88-9976-768EDCEA61F6}.Debug|Any CPU.Build.0 = Debug|Any CPU
		{3E40DD2E-A996-4E88-9976-768EDCEA61F6}.Release|Any CPU.ActiveCfg = Release|Any CPU
		{3E40DD2E-A996-4E88-9976-768EDCEA61F6}.Release|Any CPU.Build.0 = Release|Any CPU
		{A1007CAA-E5A4-4B22-BC16-A8021B361DD7}.Debug|Any CPU.ActiveCfg = Debug|Any CPU
		{A1007CAA-E5A4-4B22-BC16-A8021B361DD7}.Debug|Any CPU.Build.0 = Debug|Any CPU
		{A1007CAA-E5A4-4B22-BC16-A8021B361DD7}.Release|Any CPU.ActiveCfg = Release|Any CPU
		{A1007CAA-E5A4-4B22-BC16-A8021B361DD7}.Release|Any CPU.Build.0 = Release|Any CPU
		{CA3760BD-033A-4AFB-9BDA-D85577C93287}.Debug|Any CPU.ActiveCfg = Debug|Any CPU
		{CA3760BD-033A-4AFB-9BDA-D85577C93287}.Debug|Any CPU.Build.0 = Debug|Any CPU
		{CA3760BD-033A-4AFB-9BDA-D85577C93287}.Release|Any CPU.ActiveCfg = Release|Any CPU
		{CA3760BD-033A-4AFB-9BDA-D85577C93287}.Release|Any CPU.Build.0 = Release|Any CPU
		{39AF6EA3-E2FA-41CB-80EC-3F400A09F71E}.Debug|Any CPU.ActiveCfg = Debug|Any CPU
		{39AF6EA3-E2FA-41CB-80EC-3F400A09F71E}.Debug|Any CPU.Build.0 = Debug|Any CPU
		{39AF6EA3-E2FA-41CB-80EC-3F400A09F71E}.Release|Any CPU.ActiveCfg = Release|Any CPU
		{39AF6EA3-E2FA-41CB-80EC-3F400A09F71E}.Release|Any CPU.Build.0 = Release|Any CPU
		{3E6F9988-61F9-4549-8BD5-59A72226FAB0}.Debug|Any CPU.ActiveCfg = Debug|Any CPU
		{3E6F9988-61F9-4549-8BD5-59A72226FAB0}.Debug|Any CPU.Build.0 = Debug|Any CPU
		{3E6F9988-61F9-4549-8BD5-59A72226FAB0}.Release|Any CPU.ActiveCfg = Release|Any CPU
		{3E6F9988-61F9-4549-8BD5-59A72226FAB0}.Release|Any CPU.Build.0 = Release|Any CPU
	EndGlobalSection
	GlobalSection(NestedProjects) = preSolution
		{435913CF-55ED-4F33-BFD0-FE89190A5304} = {A8C6B0BF-F871-4632-9141-C03738CEBCF2}
		{11C59958-DBF6-4FEB-800B-EB2E29C8AA00} = {4755A225-9F84-44FD-A5C4-5018245EE7F2}
		{A6FE7783-143A-45FC-B921-1E1F4D65C435} = {C841A88A-7C38-4CF0-A3D5-69FE406BAED4}
		{48FE7D0D-B58A-4AA5-B6FE-1B0D039FE05E} = {A6FE7783-143A-45FC-B921-1E1F4D65C435}
		{5829CFA4-610B-4243-A589-C652C98B6E19} = {A6FE7783-143A-45FC-B921-1E1F4D65C435}
		{C1AFCBBC-B625-4E1C-90FA-46D768FD45EA} = {A6FE7783-143A-45FC-B921-1E1F4D65C435}
		{2D3BB01C-1685-4F57-80DC-EC8E79750472} = {4755A225-9F84-44FD-A5C4-5018245EE7F2}
		{6C26E078-6FC1-4714-91F3-F712A19F866A} = {A8C6B0BF-F871-4632-9141-C03738CEBCF2}
		{A2007714-43BE-48EB-8DF3-20F1F53DA3E7} = {A8C6B0BF-F871-4632-9141-C03738CEBCF2}
		{9DCED75E-A769-4896-B288-D478A0458181} = {A2007714-43BE-48EB-8DF3-20F1F53DA3E7}
		{203A3063-E1C1-431D-A14F-03917E80B2D8} = {A2007714-43BE-48EB-8DF3-20F1F53DA3E7}
		{F489FCD3-EC5F-4C86-8641-0A03B30C455E} = {A2007714-43BE-48EB-8DF3-20F1F53DA3E7}
		{44F3A46A-11C3-4B8F-953B-8F3228841DAE} = {A8C6B0BF-F871-4632-9141-C03738CEBCF2}
		{A24C1962-839D-4DE8-AC6C-261BF665A5F6} = {C841A88A-7C38-4CF0-A3D5-69FE406BAED4}
		{12792F0C-FA1A-476E-A491-1102F57193E2} = {A24C1962-839D-4DE8-AC6C-261BF665A5F6}
		{54C8FF57-23EB-4239-830F-A6C03979A107} = {A24C1962-839D-4DE8-AC6C-261BF665A5F6}
		{3E40DD2E-A996-4E88-9976-768EDCEA61F6} = {A24C1962-839D-4DE8-AC6C-261BF665A5F6}
		{A1007CAA-E5A4-4B22-BC16-A8021B361DD7} = {A6FE7783-143A-45FC-B921-1E1F4D65C435}
		{99CDA674-D7A6-429D-A6CE-D50F99A76D41} = {C841A88A-7C38-4CF0-A3D5-69FE406BAED4}
		{CA3760BD-033A-4AFB-9BDA-D85577C93287} = {99CDA674-D7A6-429D-A6CE-D50F99A76D41}
		{39AF6EA3-E2FA-41CB-80EC-3F400A09F71E} = {99CDA674-D7A6-429D-A6CE-D50F99A76D41}
		{3E6F9988-61F9-4549-8BD5-59A72226FAB0} = {99CDA674-D7A6-429D-A6CE-D50F99A76D41}
	EndGlobalSection
EndGlobal
