
Microsoft Visual Studio Solution File, Format Version 12.00
Project("{FAE04EC0-301F-11D3-BF4B-00C04F79EFBC}") = "Manager.Host", "Manager.Host\Manager.Host.csproj", "{2D3BB01C-1685-4F57-80DC-EC8E79750472}"
EndProject
Project("{2150E333-8FDC-42A3-9474-1A3956D46DE8}") = "0.Utilities", "0.Utilities", "{A8C6B0BF-F871-4632-9141-C03738CEBCF2}"
EndProject
Project("{2150E333-8FDC-42A3-9474-1A3956D46DE8}") = "1.Accessors", "1.Accessors", "{C841A88A-7C38-4CF0-A3D5-69FE406BAED4}"
EndProject
Project("{2150E333-8FDC-42A3-9474-1A3956D46DE8}") = "3.Managers", "3.Managers", "{4755A225-9F84-44FD-A5C4-5018245EE7F2}"
EndProject
Project("{2150E333-8FDC-42A3-9474-1A3956D46DE8}") = "4.Client", "4.Client", "{5C6488B5-4B6B-4136-94CC-3AB8D2BD71AE}"
EndProject
Project("{FAE04EC0-301F-11D3-BF4B-00C04F79EFBC}") = "History.Accessor.Contracts", "History.Accessor.Contracts\History.Accessor.Contracts.csproj", "{48FE7D0D-B58A-4AA5-B6FE-1B0D039FE05E}"
EndProject
Project("{FAE04EC0-301F-11D3-BF4B-00C04F79EFBC}") = "ExecutionPipeline", "ExecutionPipeline\ExecutionPipeline.csproj", "{435913CF-55ED-4F33-BFD0-FE89190A5304}"
EndProject
Project("{FAE04EC0-301F-11D3-BF4B-00C04F79EFBC}") = "Manager.Service", "Manager.Service\Manager.Service.csproj", "{11C59958-DBF6-4FEB-800B-EB2E29C8AA00}"
EndProject
Project("{FAE04EC0-301F-11D3-BF4B-00C04F79EFBC}") = "Session.Accessor.Service", "Session.Accessor.Service\Session.Accessor.Service.csproj", "{44F3A46A-11C3-4B8F-953B-8F3228841DAE}"
EndProject
Project("{2150E333-8FDC-42A3-9474-1A3956D46DE8}") = "History", "History", "{A6FE7783-143A-45FC-B921-1E1F4D65C435}"
EndProject
Project("{2150E333-8FDC-42A3-9474-1A3956D46DE8}") = "Executor", "Executor", "{54F9D83F-0058-4256-A378-BD8C03985694}"
EndProject
Project("{FAE04EC0-301F-11D3-BF4B-00C04F79EFBC}") = "History.Accessor.Host", "History.Accessor.Host\History.Accessor.Host.csproj", "{5829CFA4-610B-4243-A589-C652C98B6E19}"
EndProject
Project("{FAE04EC0-301F-11D3-BF4B-00C04F79EFBC}") = "History.Accessor.Service", "History.Accessor.Service\History.Accessor.Service.csproj", "{C1AFCBBC-B625-4E1C-90FA-46D768FD45EA}"
EndProject
Project("{FAE04EC0-301F-11D3-BF4B-00C04F79EFBC}") = "AzureKeyVault", "AzureKeyVault\AzureKeyVault.csproj", "{6C26E078-6FC1-4714-91F3-F712A19F866A}"
EndProject
Project("{FAE04EC0-301F-11D3-BF4B-00C04F79EFBC}") = "History.Accessor.Tests", "IntegrationsTestBase\History.Accessor.Tests.csproj", "{5DFF85ED-29E3-4F4B-931D-8D21584943CA}"
EndProject
Project("{2150E333-8FDC-42A3-9474-1A3956D46DE8}") = "2.Engines", "2.Engines", "{74554066-9C14-4432-9D9D-7FCE70A11F2A}"
EndProject
Project("{2150E333-8FDC-42A3-9474-1A3956D46DE8}") = "SearcherEngine", "SearcherEngine", "{15D474C5-00A5-4F22-922F-4A6A28B6750F}"
EndProject
Project("{FAE04EC0-301F-11D3-BF4B-00C04F79EFBC}") = "PoC.Searching.Engine", "PoC.Searching.Engine\PoC.Searching.Engine.csproj", "{0FBCD2A7-98F6-4428-A3E0-9B8EAB3949C7}"
EndProject
Project("{FAE04EC0-301F-11D3-BF4B-00C04F79EFBC}") = "MessageDispatcher", "MessageDispatcher\MessageDispatcher.csproj", "{9DCED75E-A769-4896-B288-D478A0458181}"
EndProject
Project("{FAE04EC0-301F-11D3-BF4B-00C04F79EFBC}") = "MessageDispatcher.Worker", "MessageDispatcher.Worker\MessageDispatcher.Worker.csproj", "{203A3063-E1C1-431D-A14F-03917E80B2D8}"
EndProject
Project("{FAE04EC0-301F-11D3-BF4B-00C04F79EFBC}") = "MessageDispater.Contracts", "MessageDispater.Contracts\MessageDispater.Contracts.csproj", "{F489FCD3-EC5F-4C86-8641-0A03B30C455E}"
EndProject
Project("{2150E333-8FDC-42A3-9474-1A3956D46DE8}") = "MessageDispatcher", "MessageDispatcher", "{A2007714-43BE-48EB-8DF3-20F1F53DA3E7}"
EndProject
Global
	GlobalSection(SolutionConfigurationPlatforms) = preSolution
		Debug|Any CPU = Debug|Any CPU
		Release|Any CPU = Release|Any CPU
	EndGlobalSection
	GlobalSection(ProjectConfigurationPlatforms) = postSolution
		{2D3BB01C-1685-4F57-80DC-EC8E79750472}.Debug|Any CPU.ActiveCfg = Debug|Any CPU
		{2D3BB01C-1685-4F57-80DC-EC8E79750472}.Debug|Any CPU.Build.0 = Debug|Any CPU
		{2D3BB01C-1685-4F57-80DC-EC8E79750472}.Release|Any CPU.ActiveCfg = Release|Any CPU
		{2D3BB01C-1685-4F57-80DC-EC8E79750472}.Release|Any CPU.Build.0 = Release|Any CPU
		{48FE7D0D-B58A-4AA5-B6FE-1B0D039FE05E}.Debug|Any CPU.ActiveCfg = Debug|Any CPU
		{48FE7D0D-B58A-4AA5-B6FE-1B0D039FE05E}.Debug|Any CPU.Build.0 = Debug|Any CPU
		{48FE7D0D-B58A-4AA5-B6FE-1B0D039FE05E}.Release|Any CPU.ActiveCfg = Release|Any CPU
		{48FE7D0D-B58A-4AA5-B6FE-1B0D039FE05E}.Release|Any CPU.Build.0 = Release|Any CPU
		{435913CF-55ED-4F33-BFD0-FE89190A5304}.Debug|Any CPU.ActiveCfg = Debug|Any CPU
		{435913CF-55ED-4F33-BFD0-FE89190A5304}.Debug|Any CPU.Build.0 = Debug|Any CPU
		{435913CF-55ED-4F33-BFD0-FE89190A5304}.Release|Any CPU.ActiveCfg = Release|Any CPU
		{435913CF-55ED-4F33-BFD0-FE89190A5304}.Release|Any CPU.Build.0 = Release|Any CPU
		{11C59958-DBF6-4FEB-800B-EB2E29C8AA00}.Debug|Any CPU.ActiveCfg = Debug|Any CPU
		{11C59958-DBF6-4FEB-800B-EB2E29C8AA00}.Debug|Any CPU.Build.0 = Debug|Any CPU
		{11C59958-DBF6-4FEB-800B-EB2E29C8AA00}.Release|Any CPU.ActiveCfg = Release|Any CPU
		{11C59958-DBF6-4FEB-800B-EB2E29C8AA00}.Release|Any CPU.Build.0 = Release|Any CPU
		{44F3A46A-11C3-4B8F-953B-8F3228841DAE}.Debug|Any CPU.ActiveCfg = Debug|Any CPU
		{44F3A46A-11C3-4B8F-953B-8F3228841DAE}.Debug|Any CPU.Build.0 = Debug|Any CPU
		{44F3A46A-11C3-4B8F-953B-8F3228841DAE}.Release|Any CPU.ActiveCfg = Release|Any CPU
		{44F3A46A-11C3-4B8F-953B-8F3228841DAE}.Release|Any CPU.Build.0 = Release|Any CPU
		{5829CFA4-610B-4243-A589-C652C98B6E19}.Debug|Any CPU.ActiveCfg = Debug|Any CPU
		{5829CFA4-610B-4243-A589-C652C98B6E19}.Debug|Any CPU.Build.0 = Debug|Any CPU
		{5829CFA4-610B-4243-A589-C652C98B6E19}.Release|Any CPU.ActiveCfg = Release|Any CPU
		{5829CFA4-610B-4243-A589-C652C98B6E19}.Release|Any CPU.Build.0 = Release|Any CPU
		{C1AFCBBC-B625-4E1C-90FA-46D768FD45EA}.Debug|Any CPU.ActiveCfg = Debug|Any CPU
		{C1AFCBBC-B625-4E1C-90FA-46D768FD45EA}.Debug|Any CPU.Build.0 = Debug|Any CPU
		{C1AFCBBC-B625-4E1C-90FA-46D768FD45EA}.Release|Any CPU.ActiveCfg = Release|Any CPU
		{C1AFCBBC-B625-4E1C-90FA-46D768FD45EA}.Release|Any CPU.Build.0 = Release|Any CPU
		{6C26E078-6FC1-4714-91F3-F712A19F866A}.Debug|Any CPU.ActiveCfg = Debug|Any CPU
		{6C26E078-6FC1-4714-91F3-F712A19F866A}.Debug|Any CPU.Build.0 = Debug|Any CPU
		{6C26E078-6FC1-4714-91F3-F712A19F866A}.Release|Any CPU.ActiveCfg = Release|Any CPU
		{6C26E078-6FC1-4714-91F3-F712A19F866A}.Release|Any CPU.Build.0 = Release|Any CPU
		{5DFF85ED-29E3-4F4B-931D-8D21584943CA}.Debug|Any CPU.ActiveCfg = Debug|Any CPU
		{5DFF85ED-29E3-4F4B-931D-8D21584943CA}.Debug|Any CPU.Build.0 = Debug|Any CPU
		{5DFF85ED-29E3-4F4B-931D-8D21584943CA}.Release|Any CPU.ActiveCfg = Release|Any CPU
		{5DFF85ED-29E3-4F4B-931D-8D21584943CA}.Release|Any CPU.Build.0 = Release|Any CPU
		{0FBCD2A7-98F6-4428-A3E0-9B8EAB3949C7}.Debug|Any CPU.ActiveCfg = Debug|Any CPU
		{0FBCD2A7-98F6-4428-A3E0-9B8EAB3949C7}.Debug|Any CPU.Build.0 = Debug|Any CPU
		{0FBCD2A7-98F6-4428-A3E0-9B8EAB3949C7}.Release|Any CPU.ActiveCfg = Release|Any CPU
		{0FBCD2A7-98F6-4428-A3E0-9B8EAB3949C7}.Release|Any CPU.Build.0 = Release|Any CPU
		{9DCED75E-A769-4896-B288-D478A0458181}.Debug|Any CPU.ActiveCfg = Debug|Any CPU
		{9DCED75E-A769-4896-B288-D478A0458181}.Debug|Any CPU.Build.0 = Debug|Any CPU
		{9DCED75E-A769-4896-B288-D478A0458181}.Release|Any CPU.ActiveCfg = Release|Any CPU
		{9DCED75E-A769-4896-B288-D478A0458181}.Release|Any CPU.Build.0 = Release|Any CPU
		{203A3063-E1C1-431D-A14F-03917E80B2D8}.Debug|Any CPU.ActiveCfg = Debug|Any CPU
		{203A3063-E1C1-431D-A14F-03917E80B2D8}.Debug|Any CPU.Build.0 = Debug|Any CPU
		{203A3063-E1C1-431D-A14F-03917E80B2D8}.Release|Any CPU.ActiveCfg = Release|Any CPU
		{203A3063-E1C1-431D-A14F-03917E80B2D8}.Release|Any CPU.Build.0 = Release|Any CPU
		{F489FCD3-EC5F-4C86-8641-0A03B30C455E}.Debug|Any CPU.ActiveCfg = Debug|Any CPU
		{F489FCD3-EC5F-4C86-8641-0A03B30C455E}.Debug|Any CPU.Build.0 = Debug|Any CPU
		{F489FCD3-EC5F-4C86-8641-0A03B30C455E}.Release|Any CPU.ActiveCfg = Release|Any CPU
		{F489FCD3-EC5F-4C86-8641-0A03B30C455E}.Release|Any CPU.Build.0 = Release|Any CPU
	EndGlobalSection
	GlobalSection(NestedProjects) = preSolution
		{435913CF-55ED-4F33-BFD0-FE89190A5304} = {A8C6B0BF-F871-4632-9141-C03738CEBCF2}
		{11C59958-DBF6-4FEB-800B-EB2E29C8AA00} = {4755A225-9F84-44FD-A5C4-5018245EE7F2}
		{A6FE7783-143A-45FC-B921-1E1F4D65C435} = {C841A88A-7C38-4CF0-A3D5-69FE406BAED4}
		{48FE7D0D-B58A-4AA5-B6FE-1B0D039FE05E} = {A6FE7783-143A-45FC-B921-1E1F4D65C435}
		{54F9D83F-0058-4256-A378-BD8C03985694} = {C841A88A-7C38-4CF0-A3D5-69FE406BAED4}
		{44F3A46A-11C3-4B8F-953B-8F3228841DAE} = {54F9D83F-0058-4256-A378-BD8C03985694}
		{5829CFA4-610B-4243-A589-C652C98B6E19} = {A6FE7783-143A-45FC-B921-1E1F4D65C435}
		{C1AFCBBC-B625-4E1C-90FA-46D768FD45EA} = {A6FE7783-143A-45FC-B921-1E1F4D65C435}
		{5DFF85ED-29E3-4F4B-931D-8D21584943CA} = {A6FE7783-143A-45FC-B921-1E1F4D65C435}
		{15D474C5-00A5-4F22-922F-4A6A28B6750F} = {74554066-9C14-4432-9D9D-7FCE70A11F2A}
		{0FBCD2A7-98F6-4428-A3E0-9B8EAB3949C7} = {15D474C5-00A5-4F22-922F-4A6A28B6750F}
		{2D3BB01C-1685-4F57-80DC-EC8E79750472} = {4755A225-9F84-44FD-A5C4-5018245EE7F2}
		{6C26E078-6FC1-4714-91F3-F712A19F866A} = {A8C6B0BF-F871-4632-9141-C03738CEBCF2}
		{A2007714-43BE-48EB-8DF3-20F1F53DA3E7} = {A8C6B0BF-F871-4632-9141-C03738CEBCF2}
		{9DCED75E-A769-4896-B288-D478A0458181} = {A2007714-43BE-48EB-8DF3-20F1F53DA3E7}
		{203A3063-E1C1-431D-A14F-03917E80B2D8} = {A2007714-43BE-48EB-8DF3-20F1F53DA3E7}
		{F489FCD3-EC5F-4C86-8641-0A03B30C455E} = {A2007714-43BE-48EB-8DF3-20F1F53DA3E7}
	EndGlobalSection
EndGlobal
